// !$*UTF8*$!
{
	archiveVersion = 1;
	classes = {
	};
	objectVersion = 56;
	objects = {

/* Begin PBXBuildFile section */
		3D0ABC292BEA69AD005BBD0C /* ChargingPorts+CoreDataClass.swift in Sources */ = {isa = PBXBuildFile; fileRef = 3D0ABC272BEA69AD005BBD0C /* ChargingPorts+CoreDataClass.swift */; };
		3D0ABC2A2BEA69AD005BBD0C /* ChargingPorts+CoreDataProperties.swift in Sources */ = {isa = PBXBuildFile; fileRef = 3D0ABC282BEA69AD005BBD0C /* ChargingPorts+CoreDataProperties.swift */; };
		3D62EE9F2BB7071E005EC218 /* CourseProjectApp.swift in Sources */ = {isa = PBXBuildFile; fileRef = 3D62EE9E2BB7071E005EC218 /* CourseProjectApp.swift */; };
		3D62EEA12BB7071E005EC218 /* ContentView.swift in Sources */ = {isa = PBXBuildFile; fileRef = 3D62EEA02BB7071E005EC218 /* ContentView.swift */; };
		3D62EEA32BB70720005EC218 /* Assets.xcassets in Resources */ = {isa = PBXBuildFile; fileRef = 3D62EEA22BB70720005EC218 /* Assets.xcassets */; };
		3D62EEA62BB70720005EC218 /* Preview Assets.xcassets in Resources */ = {isa = PBXBuildFile; fileRef = 3D62EEA52BB70720005EC218 /* Preview Assets.xcassets */; };
		3D62EEB02BB70720005EC218 /* CourseProjectTests.swift in Sources */ = {isa = PBXBuildFile; fileRef = 3D62EEAF2BB70720005EC218 /* CourseProjectTests.swift */; };
		3D62EEBA2BB70720005EC218 /* CourseProjectUITests.swift in Sources */ = {isa = PBXBuildFile; fileRef = 3D62EEB92BB70720005EC218 /* CourseProjectUITests.swift */; };
		3D62EEBC2BB70720005EC218 /* CourseProjectUITestsLaunchTests.swift in Sources */ = {isa = PBXBuildFile; fileRef = 3D62EEBB2BB70720005EC218 /* CourseProjectUITestsLaunchTests.swift */; };
		3D62EECB2BB7084D005EC218 /* profileView.swift in Sources */ = {isa = PBXBuildFile; fileRef = 3D62EECA2BB7084D005EC218 /* profileView.swift */; };
		3D62EECD2BB70B11005EC218 /* listView.swift in Sources */ = {isa = PBXBuildFile; fileRef = 3D62EECC2BB70B11005EC218 /* listView.swift */; };
		3D62EECF2BB711B0005EC218 /* MainView.swift in Sources */ = {isa = PBXBuildFile; fileRef = 3D62EECE2BB711B0005EC218 /* MainView.swift */; };
		3D6B456C2BBEAE8A00DE6053 /* PrestatieView.swift in Sources */ = {isa = PBXBuildFile; fileRef = 3D6B456B2BBEAE8A00DE6053 /* PrestatieView.swift */; };
		3D6B456E2BBEB2FB00DE6053 /* ProfileSettingsView.swift in Sources */ = {isa = PBXBuildFile; fileRef = 3D6B456D2BBEB2FB00DE6053 /* ProfileSettingsView.swift */; };
		3D6B45712BBF397C00DE6053 /* prestaties.swift in Sources */ = {isa = PBXBuildFile; fileRef = 3D6B45702BBF397C00DE6053 /* prestaties.swift */; };
		3D6B45732BBF413E00DE6053 /* CustomProgressBar.swift in Sources */ = {isa = PBXBuildFile; fileRef = 3D6B45722BBF413E00DE6053 /* CustomProgressBar.swift */; };
		3D6B45752BBF44DE00DE6053 /* ComunityPrestatieView.swift in Sources */ = {isa = PBXBuildFile; fileRef = 3D6B45742BBF44DE00DE6053 /* ComunityPrestatieView.swift */; };
		3D6CCC2B2BE7CFFB0077C371 /* FirstLaunchView.swift in Sources */ = {isa = PBXBuildFile; fileRef = 3D6CCC2A2BE7CFFB0077C371 /* FirstLaunchView.swift */; };
		3D6CCC2D2BE8ECA50077C371 /* NetworkManager.swift in Sources */ = {isa = PBXBuildFile; fileRef = 3D6CCC2C2BE8ECA50077C371 /* NetworkManager.swift */; };
		3DB308C02BD29BBB0086B138 /* chargingPorts.swift in Sources */ = {isa = PBXBuildFile; fileRef = 3DB308BF2BD29BBB0086B138 /* chargingPorts.swift */; };
		3DB308C22BD29EB70086B138 /* fetchChargingPorts.swift in Sources */ = {isa = PBXBuildFile; fileRef = 3DB308C12BD29EB70086B138 /* fetchChargingPorts.swift */; };
		3DB308C42BD2A3F60086B138 /* chargerDetailedView.swift in Sources */ = {isa = PBXBuildFile; fileRef = 3DB308C32BD2A3F60086B138 /* chargerDetailedView.swift */; };
/* End PBXBuildFile section */

/* Begin PBXContainerItemProxy section */
		3D62EEAC2BB70720005EC218 /* PBXContainerItemProxy */ = {
			isa = PBXContainerItemProxy;
			containerPortal = 3D62EE932BB7071E005EC218 /* Project object */;
			proxyType = 1;
			remoteGlobalIDString = 3D62EE9A2BB7071E005EC218;
			remoteInfo = CourseProject;
		};
		3D62EEB62BB70720005EC218 /* PBXContainerItemProxy */ = {
			isa = PBXContainerItemProxy;
			containerPortal = 3D62EE932BB7071E005EC218 /* Project object */;
			proxyType = 1;
			remoteGlobalIDString = 3D62EE9A2BB7071E005EC218;
			remoteInfo = CourseProject;
		};
/* End PBXContainerItemProxy section */

/* Begin PBXFileReference section */
		3D0ABC272BEA69AD005BBD0C /* ChargingPorts+CoreDataClass.swift */ = {isa = PBXFileReference; lastKnownFileType = sourcecode.swift; path = "ChargingPorts+CoreDataClass.swift"; sourceTree = "<group>"; };
		3D0ABC282BEA69AD005BBD0C /* ChargingPorts+CoreDataProperties.swift */ = {isa = PBXFileReference; lastKnownFileType = sourcecode.swift; path = "ChargingPorts+CoreDataProperties.swift"; sourceTree = "<group>"; };
		3D62EE9B2BB7071E005EC218 /* CourseProject.app */ = {isa = PBXFileReference; explicitFileType = wrapper.application; includeInIndex = 0; path = CourseProject.app; sourceTree = BUILT_PRODUCTS_DIR; };
		3D62EE9E2BB7071E005EC218 /* CourseProjectApp.swift */ = {isa = PBXFileReference; lastKnownFileType = sourcecode.swift; path = CourseProjectApp.swift; sourceTree = "<group>"; };
		3D62EEA02BB7071E005EC218 /* ContentView.swift */ = {isa = PBXFileReference; lastKnownFileType = sourcecode.swift; path = ContentView.swift; sourceTree = "<group>"; };
		3D62EEA22BB70720005EC218 /* Assets.xcassets */ = {isa = PBXFileReference; lastKnownFileType = folder.assetcatalog; path = Assets.xcassets; sourceTree = "<group>"; };
		3D62EEA52BB70720005EC218 /* Preview Assets.xcassets */ = {isa = PBXFileReference; lastKnownFileType = folder.assetcatalog; path = "Preview Assets.xcassets"; sourceTree = "<group>"; };
		3D62EEAB2BB70720005EC218 /* CourseProjectTests.xctest */ = {isa = PBXFileReference; explicitFileType = wrapper.cfbundle; includeInIndex = 0; path = CourseProjectTests.xctest; sourceTree = BUILT_PRODUCTS_DIR; };
		3D62EEAF2BB70720005EC218 /* CourseProjectTests.swift */ = {isa = PBXFileReference; lastKnownFileType = sourcecode.swift; path = CourseProjectTests.swift; sourceTree = "<group>"; };
		3D62EEB52BB70720005EC218 /* CourseProjectUITests.xctest */ = {isa = PBXFileReference; explicitFileType = wrapper.cfbundle; includeInIndex = 0; path = CourseProjectUITests.xctest; sourceTree = BUILT_PRODUCTS_DIR; };
		3D62EEB92BB70720005EC218 /* CourseProjectUITests.swift */ = {isa = PBXFileReference; lastKnownFileType = sourcecode.swift; path = CourseProjectUITests.swift; sourceTree = "<group>"; };
		3D62EEBB2BB70720005EC218 /* CourseProjectUITestsLaunchTests.swift */ = {isa = PBXFileReference; lastKnownFileType = sourcecode.swift; path = CourseProjectUITestsLaunchTests.swift; sourceTree = "<group>"; };
		3D62EEC82BB70746005EC218 /* Info.plist */ = {isa = PBXFileReference; lastKnownFileType = text.plist; path = Info.plist; sourceTree = "<group>"; };
		3D62EECA2BB7084D005EC218 /* profileView.swift */ = {isa = PBXFileReference; lastKnownFileType = sourcecode.swift; path = profileView.swift; sourceTree = "<group>"; };
		3D62EECC2BB70B11005EC218 /* listView.swift */ = {isa = PBXFileReference; lastKnownFileType = sourcecode.swift; path = listView.swift; sourceTree = "<group>"; };
		3D62EECE2BB711B0005EC218 /* MainView.swift */ = {isa = PBXFileReference; lastKnownFileType = sourcecode.swift; path = MainView.swift; sourceTree = "<group>"; };
		3D6B456B2BBEAE8A00DE6053 /* PrestatieView.swift */ = {isa = PBXFileReference; lastKnownFileType = sourcecode.swift; path = PrestatieView.swift; sourceTree = "<group>"; };
		3D6B456D2BBEB2FB00DE6053 /* ProfileSettingsView.swift */ = {isa = PBXFileReference; lastKnownFileType = sourcecode.swift; path = ProfileSettingsView.swift; sourceTree = "<group>"; };
		3D6B45702BBF397C00DE6053 /* prestaties.swift */ = {isa = PBXFileReference; lastKnownFileType = sourcecode.swift; path = prestaties.swift; sourceTree = "<group>"; };
		3D6B45722BBF413E00DE6053 /* CustomProgressBar.swift */ = {isa = PBXFileReference; lastKnownFileType = sourcecode.swift; path = CustomProgressBar.swift; sourceTree = "<group>"; };
		3D6B45742BBF44DE00DE6053 /* ComunityPrestatieView.swift */ = {isa = PBXFileReference; lastKnownFileType = sourcecode.swift; path = ComunityPrestatieView.swift; sourceTree = "<group>"; };
		3D6CCC2A2BE7CFFB0077C371 /* FirstLaunchView.swift */ = {isa = PBXFileReference; lastKnownFileType = sourcecode.swift; path = FirstLaunchView.swift; sourceTree = "<group>"; };
		3D6CCC2C2BE8ECA50077C371 /* NetworkManager.swift */ = {isa = PBXFileReference; lastKnownFileType = sourcecode.swift; path = NetworkManager.swift; sourceTree = "<group>"; };
		3DB308BF2BD29BBB0086B138 /* chargingPorts.swift */ = {isa = PBXFileReference; lastKnownFileType = sourcecode.swift; path = chargingPorts.swift; sourceTree = "<group>"; };
		3DB308C12BD29EB70086B138 /* fetchChargingPorts.swift */ = {isa = PBXFileReference; lastKnownFileType = sourcecode.swift; path = fetchChargingPorts.swift; sourceTree = "<group>"; };
		3DB308C32BD2A3F60086B138 /* chargerDetailedView.swift */ = {isa = PBXFileReference; lastKnownFileType = sourcecode.swift; name = chargerDetailedView.swift; path = Prestaties/chargerDetailedView.swift; sourceTree = "<group>"; };
/* End PBXFileReference section */

/* Begin PBXFrameworksBuildPhase section */
		3D62EE982BB7071E005EC218 /* Frameworks */ = {
			isa = PBXFrameworksBuildPhase;
			buildActionMask = 2147483647;
			files = (
			);
			runOnlyForDeploymentPostprocessing = 0;
		};
		3D62EEA82BB70720005EC218 /* Frameworks */ = {
			isa = PBXFrameworksBuildPhase;
			buildActionMask = 2147483647;
			files = (
			);
			runOnlyForDeploymentPostprocessing = 0;
		};
		3D62EEB22BB70720005EC218 /* Frameworks */ = {
			isa = PBXFrameworksBuildPhase;
			buildActionMask = 2147483647;
			files = (
			);
			runOnlyForDeploymentPostprocessing = 0;
		};
/* End PBXFrameworksBuildPhase section */

/* Begin PBXGroup section */
		3D62EE922BB7071E005EC218 = {
			isa = PBXGroup;
			children = (
				3D0ABC272BEA69AD005BBD0C /* ChargingPorts+CoreDataClass.swift */,
				3D0ABC282BEA69AD005BBD0C /* ChargingPorts+CoreDataProperties.swift */,
				3D62EE9D2BB7071E005EC218 /* CourseProject */,
				3D62EEAE2BB70720005EC218 /* CourseProjectTests */,
				3D62EEB82BB70720005EC218 /* CourseProjectUITests */,
				3D62EE9C2BB7071E005EC218 /* Products */,
			);
			sourceTree = "<group>";
		};
		3D62EE9C2BB7071E005EC218 /* Products */ = {
			isa = PBXGroup;
			children = (
				3D62EE9B2BB7071E005EC218 /* CourseProject.app */,
				3D62EEAB2BB70720005EC218 /* CourseProjectTests.xctest */,
				3D62EEB52BB70720005EC218 /* CourseProjectUITests.xctest */,
			);
			name = Products;
			sourceTree = "<group>";
		};
		3D62EE9D2BB7071E005EC218 /* CourseProject */ = {
			isa = PBXGroup;
			children = (
				3D6B456F2BBF396200DE6053 /* model */,
				3D62EEC92BB70818005EC218 /* View */,
				3D62EEC82BB70746005EC218 /* Info.plist */,
				3D62EE9E2BB7071E005EC218 /* CourseProjectApp.swift */,
				3D62EEA02BB7071E005EC218 /* ContentView.swift */,
				3D62EEA22BB70720005EC218 /* Assets.xcassets */,
				3D62EEA42BB70720005EC218 /* Preview Content */,
			);
			path = CourseProject;
			sourceTree = "<group>";
		};
		3D62EEA42BB70720005EC218 /* Preview Content */ = {
			isa = PBXGroup;
			children = (
				3D62EEA52BB70720005EC218 /* Preview Assets.xcassets */,
			);
			path = "Preview Content";
			sourceTree = "<group>";
		};
		3D62EEAE2BB70720005EC218 /* CourseProjectTests */ = {
			isa = PBXGroup;
			children = (
				3D62EEAF2BB70720005EC218 /* CourseProjectTests.swift */,
			);
			path = CourseProjectTests;
			sourceTree = "<group>";
		};
		3D62EEB82BB70720005EC218 /* CourseProjectUITests */ = {
			isa = PBXGroup;
			children = (
				3D62EEB92BB70720005EC218 /* CourseProjectUITests.swift */,
				3D62EEBB2BB70720005EC218 /* CourseProjectUITestsLaunchTests.swift */,
			);
			path = CourseProjectUITests;
			sourceTree = "<group>";
		};
		3D62EEC92BB70818005EC218 /* View */ = {
			isa = PBXGroup;
			children = (
				3DB308C32BD2A3F60086B138 /* chargerDetailedView.swift */,
				3D6B45772BBF450300DE6053 /* Prestaties */,
				3D6B45762BBF44E500DE6053 /* Profile */,
				3D62EECC2BB70B11005EC218 /* listView.swift */,
				3D62EECE2BB711B0005EC218 /* MainView.swift */,
				3D6CCC2A2BE7CFFB0077C371 /* FirstLaunchView.swift */,
			);
			path = View;
			sourceTree = "<group>";
		};
		3D6B456F2BBF396200DE6053 /* model */ = {
			isa = PBXGroup;
			children = (
				3D6B45702BBF397C00DE6053 /* prestaties.swift */,
				3DB308BF2BD29BBB0086B138 /* chargingPorts.swift */,
				3DB308C12BD29EB70086B138 /* fetchChargingPorts.swift */,
				3D6CCC2C2BE8ECA50077C371 /* NetworkManager.swift */,
			);
			path = model;
			sourceTree = "<group>";
		};
		3D6B45762BBF44E500DE6053 /* Profile */ = {
			isa = PBXGroup;
			children = (
				3D6B456D2BBEB2FB00DE6053 /* ProfileSettingsView.swift */,
				3D62EECA2BB7084D005EC218 /* profileView.swift */,
			);
			path = Profile;
			sourceTree = "<group>";
		};
		3D6B45772BBF450300DE6053 /* Prestaties */ = {
			isa = PBXGroup;
			children = (
				3D6B456B2BBEAE8A00DE6053 /* PrestatieView.swift */,
				3D6B45722BBF413E00DE6053 /* CustomProgressBar.swift */,
				3D6B45742BBF44DE00DE6053 /* ComunityPrestatieView.swift */,
			);
			path = Prestaties;
			sourceTree = "<group>";
		};
/* End PBXGroup section */

/* Begin PBXNativeTarget section */
		3D62EE9A2BB7071E005EC218 /* CourseProject */ = {
			isa = PBXNativeTarget;
			buildConfigurationList = 3D62EEBF2BB70720005EC218 /* Build configuration list for PBXNativeTarget "CourseProject" */;
			buildPhases = (
				3D62EE972BB7071E005EC218 /* Sources */,
				3D62EE982BB7071E005EC218 /* Frameworks */,
				3D62EE992BB7071E005EC218 /* Resources */,
			);
			buildRules = (
			);
			dependencies = (
			);
			name = CourseProject;
			productName = CourseProject;
			productReference = 3D62EE9B2BB7071E005EC218 /* CourseProject.app */;
			productType = "com.apple.product-type.application";
		};
		3D62EEAA2BB70720005EC218 /* CourseProjectTests */ = {
			isa = PBXNativeTarget;
			buildConfigurationList = 3D62EEC22BB70720005EC218 /* Build configuration list for PBXNativeTarget "CourseProjectTests" */;
			buildPhases = (
				3D62EEA72BB70720005EC218 /* Sources */,
				3D62EEA82BB70720005EC218 /* Frameworks */,
				3D62EEA92BB70720005EC218 /* Resources */,
			);
			buildRules = (
			);
			dependencies = (
				3D62EEAD2BB70720005EC218 /* PBXTargetDependency */,
			);
			name = CourseProjectTests;
			productName = CourseProjectTests;
			productReference = 3D62EEAB2BB70720005EC218 /* CourseProjectTests.xctest */;
			productType = "com.apple.product-type.bundle.unit-test";
		};
		3D62EEB42BB70720005EC218 /* CourseProjectUITests */ = {
			isa = PBXNativeTarget;
			buildConfigurationList = 3D62EEC52BB70720005EC218 /* Build configuration list for PBXNativeTarget "CourseProjectUITests" */;
			buildPhases = (
				3D62EEB12BB70720005EC218 /* Sources */,
				3D62EEB22BB70720005EC218 /* Frameworks */,
				3D62EEB32BB70720005EC218 /* Resources */,
			);
			buildRules = (
			);
			dependencies = (
				3D62EEB72BB70720005EC218 /* PBXTargetDependency */,
			);
			name = CourseProjectUITests;
			productName = CourseProjectUITests;
			productReference = 3D62EEB52BB70720005EC218 /* CourseProjectUITests.xctest */;
			productType = "com.apple.product-type.bundle.ui-testing";
		};
/* End PBXNativeTarget section */

/* Begin PBXProject section */
		3D62EE932BB7071E005EC218 /* Project object */ = {
			isa = PBXProject;
			attributes = {
				BuildIndependentTargetsInParallel = 1;
				LastSwiftUpdateCheck = 1530;
				LastUpgradeCheck = 1530;
				TargetAttributes = {
					3D62EE9A2BB7071E005EC218 = {
						CreatedOnToolsVersion = 15.3;
					};
					3D62EEAA2BB70720005EC218 = {
						CreatedOnToolsVersion = 15.3;
						TestTargetID = 3D62EE9A2BB7071E005EC218;
					};
					3D62EEB42BB70720005EC218 = {
						CreatedOnToolsVersion = 15.3;
						TestTargetID = 3D62EE9A2BB7071E005EC218;
					};
				};
			};
			buildConfigurationList = 3D62EE962BB7071E005EC218 /* Build configuration list for PBXProject "CourseProject" */;
			compatibilityVersion = "Xcode 14.0";
			developmentRegion = en;
			hasScannedForEncodings = 0;
			knownRegions = (
				en,
				Base,
			);
			mainGroup = 3D62EE922BB7071E005EC218;
			productRefGroup = 3D62EE9C2BB7071E005EC218 /* Products */;
			projectDirPath = "";
			projectRoot = "";
			targets = (
				3D62EE9A2BB7071E005EC218 /* CourseProject */,
				3D62EEAA2BB70720005EC218 /* CourseProjectTests */,
				3D62EEB42BB70720005EC218 /* CourseProjectUITests */,
			);
		};
/* End PBXProject section */

/* Begin PBXResourcesBuildPhase section */
		3D62EE992BB7071E005EC218 /* Resources */ = {
			isa = PBXResourcesBuildPhase;
			buildActionMask = 2147483647;
			files = (
				3D62EEA62BB70720005EC218 /* Preview Assets.xcassets in Resources */,
				3D62EEA32BB70720005EC218 /* Assets.xcassets in Resources */,
			);
			runOnlyForDeploymentPostprocessing = 0;
		};
		3D62EEA92BB70720005EC218 /* Resources */ = {
			isa = PBXResourcesBuildPhase;
			buildActionMask = 2147483647;
			files = (
			);
			runOnlyForDeploymentPostprocessing = 0;
		};
		3D62EEB32BB70720005EC218 /* Resources */ = {
			isa = PBXResourcesBuildPhase;
			buildActionMask = 2147483647;
			files = (
			);
			runOnlyForDeploymentPostprocessing = 0;
		};
/* End PBXResourcesBuildPhase section */

/* Begin PBXSourcesBuildPhase section */
		3D62EE972BB7071E005EC218 /* Sources */ = {
			isa = PBXSourcesBuildPhase;
			buildActionMask = 2147483647;
			files = (
				3D6B45752BBF44DE00DE6053 /* ComunityPrestatieView.swift in Sources */,
				3D6B456C2BBEAE8A00DE6053 /* PrestatieView.swift in Sources */,
				3D6B45732BBF413E00DE6053 /* CustomProgressBar.swift in Sources */,
				3D62EECD2BB70B11005EC218 /* listView.swift in Sources */,
				3DB308C02BD29BBB0086B138 /* chargingPorts.swift in Sources */,
				3D62EEA12BB7071E005EC218 /* ContentView.swift in Sources */,
				3D62EE9F2BB7071E005EC218 /* CourseProjectApp.swift in Sources */,
				3D62EECF2BB711B0005EC218 /* MainView.swift in Sources */,
				3D6CCC2B2BE7CFFB0077C371 /* FirstLaunchView.swift in Sources */,
				3DB308C22BD29EB70086B138 /* fetchChargingPorts.swift in Sources */,
				3DB308C42BD2A3F60086B138 /* chargerDetailedView.swift in Sources */,
				3D62EECB2BB7084D005EC218 /* profileView.swift in Sources */,
				3D0ABC292BEA69AD005BBD0C /* ChargingPorts+CoreDataClass.swift in Sources */,
				3D0ABC2A2BEA69AD005BBD0C /* ChargingPorts+CoreDataProperties.swift in Sources */,
				3D6CCC2D2BE8ECA50077C371 /* NetworkManager.swift in Sources */,
				3D6B456E2BBEB2FB00DE6053 /* ProfileSettingsView.swift in Sources */,
				3D6B45712BBF397C00DE6053 /* prestaties.swift in Sources */,
			);
			runOnlyForDeploymentPostprocessing = 0;
		};
		3D62EEA72BB70720005EC218 /* Sources */ = {
			isa = PBXSourcesBuildPhase;
			buildActionMask = 2147483647;
			files = (
				3D62EEB02BB70720005EC218 /* CourseProjectTests.swift in Sources */,
			);
			runOnlyForDeploymentPostprocessing = 0;
		};
		3D62EEB12BB70720005EC218 /* Sources */ = {
			isa = PBXSourcesBuildPhase;
			buildActionMask = 2147483647;
			files = (
				3D62EEBA2BB70720005EC218 /* CourseProjectUITests.swift in Sources */,
				3D62EEBC2BB70720005EC218 /* CourseProjectUITestsLaunchTests.swift in Sources */,
			);
			runOnlyForDeploymentPostprocessing = 0;
		};
/* End PBXSourcesBuildPhase section */

/* Begin PBXTargetDependency section */
		3D62EEAD2BB70720005EC218 /* PBXTargetDependency */ = {
			isa = PBXTargetDependency;
			target = 3D62EE9A2BB7071E005EC218 /* CourseProject */;
			targetProxy = 3D62EEAC2BB70720005EC218 /* PBXContainerItemProxy */;
		};
		3D62EEB72BB70720005EC218 /* PBXTargetDependency */ = {
			isa = PBXTargetDependency;
			target = 3D62EE9A2BB7071E005EC218 /* CourseProject */;
			targetProxy = 3D62EEB62BB70720005EC218 /* PBXContainerItemProxy */;
		};
/* End PBXTargetDependency section */

/* Begin XCBuildConfiguration section */
		3D62EEBD2BB70720005EC218 /* Debug */ = {
			isa = XCBuildConfiguration;
			buildSettings = {
				ALWAYS_SEARCH_USER_PATHS = NO;
				ASSETCATALOG_COMPILER_GENERATE_SWIFT_ASSET_SYMBOL_EXTENSIONS = YES;
				CLANG_ANALYZER_NONNULL = YES;
				CLANG_ANALYZER_NUMBER_OBJECT_CONVERSION = YES_AGGRESSIVE;
				CLANG_CXX_LANGUAGE_STANDARD = "gnu++20";
				CLANG_ENABLE_MODULES = YES;
				CLANG_ENABLE_OBJC_ARC = YES;
				CLANG_ENABLE_OBJC_WEAK = YES;
				CLANG_WARN_BLOCK_CAPTURE_AUTORELEASING = YES;
				CLANG_WARN_BOOL_CONVERSION = YES;
				CLANG_WARN_COMMA = YES;
				CLANG_WARN_CONSTANT_CONVERSION = YES;
				CLANG_WARN_DEPRECATED_OBJC_IMPLEMENTATIONS = YES;
				CLANG_WARN_DIRECT_OBJC_ISA_USAGE = YES_ERROR;
				CLANG_WARN_DOCUMENTATION_COMMENTS = YES;
				CLANG_WARN_EMPTY_BODY = YES;
				CLANG_WARN_ENUM_CONVERSION = YES;
				CLANG_WARN_INFINITE_RECURSION = YES;
				CLANG_WARN_INT_CONVERSION = YES;
				CLANG_WARN_NON_LITERAL_NULL_CONVERSION = YES;
				CLANG_WARN_OBJC_IMPLICIT_RETAIN_SELF = YES;
				CLANG_WARN_OBJC_LITERAL_CONVERSION = YES;
				CLANG_WARN_OBJC_ROOT_CLASS = YES_ERROR;
				CLANG_WARN_QUOTED_INCLUDE_IN_FRAMEWORK_HEADER = YES;
				CLANG_WARN_RANGE_LOOP_ANALYSIS = YES;
				CLANG_WARN_STRICT_PROTOTYPES = YES;
				CLANG_WARN_SUSPICIOUS_MOVE = YES;
				CLANG_WARN_UNGUARDED_AVAILABILITY = YES_AGGRESSIVE;
				CLANG_WARN_UNREACHABLE_CODE = YES;
				CLANG_WARN__DUPLICATE_METHOD_MATCH = YES;
				COPY_PHASE_STRIP = NO;
				DEBUG_INFORMATION_FORMAT = dwarf;
				ENABLE_STRICT_OBJC_MSGSEND = YES;
				ENABLE_TESTABILITY = YES;
				ENABLE_USER_SCRIPT_SANDBOXING = YES;
				GCC_C_LANGUAGE_STANDARD = gnu17;
				GCC_DYNAMIC_NO_PIC = NO;
				GCC_NO_COMMON_BLOCKS = YES;
				GCC_OPTIMIZATION_LEVEL = 0;
				GCC_PREPROCESSOR_DEFINITIONS = (
					"DEBUG=1",
					"$(inherited)",
				);
				GCC_WARN_64_TO_32_BIT_CONVERSION = YES;
				GCC_WARN_ABOUT_RETURN_TYPE = YES_ERROR;
				GCC_WARN_UNDECLARED_SELECTOR = YES;
				GCC_WARN_UNINITIALIZED_AUTOS = YES_AGGRESSIVE;
				GCC_WARN_UNUSED_FUNCTION = YES;
				GCC_WARN_UNUSED_VARIABLE = YES;
				IPHONEOS_DEPLOYMENT_TARGET = 17.4;
				LOCALIZATION_PREFERS_STRING_CATALOGS = YES;
				MTL_ENABLE_DEBUG_INFO = INCLUDE_SOURCE;
				MTL_FAST_MATH = YES;
				ONLY_ACTIVE_ARCH = YES;
				SDKROOT = iphoneos;
				SWIFT_ACTIVE_COMPILATION_CONDITIONS = "DEBUG $(inherited)";
				SWIFT_OPTIMIZATION_LEVEL = "-Onone";
			};
			name = Debug;
		};
		3D62EEBE2BB70720005EC218 /* Release */ = {
			isa = XCBuildConfiguration;
			buildSettings = {
				ALWAYS_SEARCH_USER_PATHS = NO;
				ASSETCATALOG_COMPILER_GENERATE_SWIFT_ASSET_SYMBOL_EXTENSIONS = YES;
				CLANG_ANALYZER_NONNULL = YES;
				CLANG_ANALYZER_NUMBER_OBJECT_CONVERSION = YES_AGGRESSIVE;
				CLANG_CXX_LANGUAGE_STANDARD = "gnu++20";
				CLANG_ENABLE_MODULES = YES;
				CLANG_ENABLE_OBJC_ARC = YES;
				CLANG_ENABLE_OBJC_WEAK = YES;
				CLANG_WARN_BLOCK_CAPTURE_AUTORELEASING = YES;
				CLANG_WARN_BOOL_CONVERSION = YES;
				CLANG_WARN_COMMA = YES;
				CLANG_WARN_CONSTANT_CONVERSION = YES;
				CLANG_WARN_DEPRECATED_OBJC_IMPLEMENTATIONS = YES;
				CLANG_WARN_DIRECT_OBJC_ISA_USAGE = YES_ERROR;
				CLANG_WARN_DOCUMENTATION_COMMENTS = YES;
				CLANG_WARN_EMPTY_BODY = YES;
				CLANG_WARN_ENUM_CONVERSION = YES;
				CLANG_WARN_INFINITE_RECURSION = YES;
				CLANG_WARN_INT_CONVERSION = YES;
				CLANG_WARN_NON_LITERAL_NULL_CONVERSION = YES;
				CLANG_WARN_OBJC_IMPLICIT_RETAIN_SELF = YES;
				CLANG_WARN_OBJC_LITERAL_CONVERSION = YES;
				CLANG_WARN_OBJC_ROOT_CLASS = YES_ERROR;
				CLANG_WARN_QUOTED_INCLUDE_IN_FRAMEWORK_HEADER = YES;
				CLANG_WARN_RANGE_LOOP_ANALYSIS = YES;
				CLANG_WARN_STRICT_PROTOTYPES = YES;
				CLANG_WARN_SUSPICIOUS_MOVE = YES;
				CLANG_WARN_UNGUARDED_AVAILABILITY = YES_AGGRESSIVE;
				CLANG_WARN_UNREACHABLE_CODE = YES;
				CLANG_WARN__DUPLICATE_METHOD_MATCH = YES;
				COPY_PHASE_STRIP = NO;
				DEBUG_INFORMATION_FORMAT = "dwarf-with-dsym";
				ENABLE_NS_ASSERTIONS = NO;
				ENABLE_STRICT_OBJC_MSGSEND = YES;
				ENABLE_USER_SCRIPT_SANDBOXING = YES;
				GCC_C_LANGUAGE_STANDARD = gnu17;
				GCC_NO_COMMON_BLOCKS = YES;
				GCC_WARN_64_TO_32_BIT_CONVERSION = YES;
				GCC_WARN_ABOUT_RETURN_TYPE = YES_ERROR;
				GCC_WARN_UNDECLARED_SELECTOR = YES;
				GCC_WARN_UNINITIALIZED_AUTOS = YES_AGGRESSIVE;
				GCC_WARN_UNUSED_FUNCTION = YES;
				GCC_WARN_UNUSED_VARIABLE = YES;
				IPHONEOS_DEPLOYMENT_TARGET = 17.4;
				LOCALIZATION_PREFERS_STRING_CATALOGS = YES;
				MTL_ENABLE_DEBUG_INFO = NO;
				MTL_FAST_MATH = YES;
				SDKROOT = iphoneos;
				SWIFT_COMPILATION_MODE = wholemodule;
				VALIDATE_PRODUCT = YES;
			};
			name = Release;
		};
		3D62EEC02BB70720005EC218 /* Debug */ = {
			isa = XCBuildConfiguration;
			buildSettings = {
				ASSETCATALOG_COMPILER_APPICON_NAME = AppIcon;
				ASSETCATALOG_COMPILER_GLOBAL_ACCENT_COLOR_NAME = AccentColor;
				CODE_SIGN_STYLE = Automatic;
				CURRENT_PROJECT_VERSION = 1;
				DEVELOPMENT_ASSET_PATHS = "\"CourseProject/Preview Content\"";
				ENABLE_PREVIEWS = YES;
				GENERATE_INFOPLIST_FILE = YES;
				INFOPLIST_FILE = CourseProject/Info.plist;
				INFOPLIST_KEY_CFBundleDisplayName = "";
				INFOPLIST_KEY_LSApplicationCategoryType = "";
				INFOPLIST_KEY_NSLocationAlwaysAndWhenInUseUsageDescription = "Lets Stalk U!";
				INFOPLIST_KEY_UIApplicationSceneManifest_Generation = YES;
				INFOPLIST_KEY_UIApplicationSupportsIndirectInputEvents = YES;
				INFOPLIST_KEY_UILaunchScreen_Generation = YES;
				INFOPLIST_KEY_UISupportedInterfaceOrientations_iPad = "UIInterfaceOrientationPortrait UIInterfaceOrientationPortraitUpsideDown UIInterfaceOrientationLandscapeLeft UIInterfaceOrientationLandscapeRight";
				INFOPLIST_KEY_UISupportedInterfaceOrientations_iPhone = "UIInterfaceOrientationPortrait UIInterfaceOrientationLandscapeLeft UIInterfaceOrientationLandscapeRight";
				LD_RUNPATH_SEARCH_PATHS = (
					"$(inherited)",
					"@executable_path/Frameworks",
				);
				MARKETING_VERSION = 1.0;
				PRODUCT_BUNDLE_IDENTIFIER = Karsten.CourseProject;
				PRODUCT_NAME = "$(TARGET_NAME)";
				SWIFT_EMIT_LOC_STRINGS = YES;
				SWIFT_VERSION = 5.0;
				TARGETED_DEVICE_FAMILY = "1,2";
			};
			name = Debug;
		};
		3D62EEC12BB70720005EC218 /* Release */ = {
			isa = XCBuildConfiguration;
			buildSettings = {
				ASSETCATALOG_COMPILER_APPICON_NAME = AppIcon;
				ASSETCATALOG_COMPILER_GLOBAL_ACCENT_COLOR_NAME = AccentColor;
				CODE_SIGN_STYLE = Automatic;
				CURRENT_PROJECT_VERSION = 1;
				DEVELOPMENT_ASSET_PATHS = "\"CourseProject/Preview Content\"";
				ENABLE_PREVIEWS = YES;
				GENERATE_INFOPLIST_FILE = YES;
				INFOPLIST_FILE = CourseProject/Info.plist;
				INFOPLIST_KEY_CFBundleDisplayName = "";
				INFOPLIST_KEY_LSApplicationCategoryType = "";
				INFOPLIST_KEY_NSLocationAlwaysAndWhenInUseUsageDescription = "Lets Stalk U!";
				INFOPLIST_KEY_UIApplicationSceneManifest_Generation = YES;
				INFOPLIST_KEY_UIApplicationSupportsIndirectInputEvents = YES;
				INFOPLIST_KEY_UILaunchScreen_Generation = YES;
				INFOPLIST_KEY_UISupportedInterfaceOrientations_iPad = "UIInterfaceOrientationPortrait UIInterfaceOrientationPortraitUpsideDown UIInterfaceOrientationLandscapeLeft UIInterfaceOrientationLandscapeRight";
				INFOPLIST_KEY_UISupportedInterfaceOrientations_iPhone = "UIInterfaceOrientationPortrait UIInterfaceOrientationLandscapeLeft UIInterfaceOrientationLandscapeRight";
				LD_RUNPATH_SEARCH_PATHS = (
					"$(inherited)",
					"@executable_path/Frameworks",
				);
				MARKETING_VERSION = 1.0;
				PRODUCT_BUNDLE_IDENTIFIER = Karsten.CourseProject;
				PRODUCT_NAME = "$(TARGET_NAME)";
				SWIFT_EMIT_LOC_STRINGS = YES;
				SWIFT_VERSION = 5.0;
				TARGETED_DEVICE_FAMILY = "1,2";
			};
			name = Release;
		};
		3D62EEC32BB70720005EC218 /* Debug */ = {
			isa = XCBuildConfiguration;
			buildSettings = {
				ALWAYS_EMBED_SWIFT_STANDARD_LIBRARIES = YES;
				BUNDLE_LOADER = "$(TEST_HOST)";
				CODE_SIGN_STYLE = Automatic;
				CURRENT_PROJECT_VERSION = 1;
				GENERATE_INFOPLIST_FILE = YES;
				IPHONEOS_DEPLOYMENT_TARGET = 17.4;
				MARKETING_VERSION = 1.0;
				PRODUCT_BUNDLE_IDENTIFIER = Karsten.CourseProjectTests;
				PRODUCT_NAME = "$(TARGET_NAME)";
				SWIFT_EMIT_LOC_STRINGS = NO;
				SWIFT_VERSION = 5.0;
				TARGETED_DEVICE_FAMILY = "1,2";
				TEST_HOST = "$(BUILT_PRODUCTS_DIR)/CourseProject.app/$(BUNDLE_EXECUTABLE_FOLDER_PATH)/CourseProject";
			};
			name = Debug;
		};
		3D62EEC42BB70720005EC218 /* Release */ = {
			isa = XCBuildConfiguration;
			buildSettings = {
				ALWAYS_EMBED_SWIFT_STANDARD_LIBRARIES = YES;
				BUNDLE_LOADER = "$(TEST_HOST)";
				CODE_SIGN_STYLE = Automatic;
				CURRENT_PROJECT_VERSION = 1;
				GENERATE_INFOPLIST_FILE = YES;
				IPHONEOS_DEPLOYMENT_TARGET = 17.4;
				MARKETING_VERSION = 1.0;
				PRODUCT_BUNDLE_IDENTIFIER = Karsten.CourseProjectTests;
				PRODUCT_NAME = "$(TARGET_NAME)";
				SWIFT_EMIT_LOC_STRINGS = NO;
				SWIFT_VERSION = 5.0;
				TARGETED_DEVICE_FAMILY = "1,2";
				TEST_HOST = "$(BUILT_PRODUCTS_DIR)/CourseProject.app/$(BUNDLE_EXECUTABLE_FOLDER_PATH)/CourseProject";
			};
			name = Release;
		};
		3D62EEC62BB70720005EC218 /* Debug */ = {
			isa = XCBuildConfiguration;
			buildSettings = {
				ALWAYS_EMBED_SWIFT_STANDARD_LIBRARIES = YES;
				CODE_SIGN_STYLE = Automatic;
				CURRENT_PROJECT_VERSION = 1;
				GENERATE_INFOPLIST_FILE = YES;
				MARKETING_VERSION = 1.0;
				PRODUCT_BUNDLE_IDENTIFIER = Karsten.CourseProjectUITests;
				PRODUCT_NAME = "$(TARGET_NAME)";
				SWIFT_EMIT_LOC_STRINGS = NO;
				SWIFT_VERSION = 5.0;
				TARGETED_DEVICE_FAMILY = "1,2";
				TEST_TARGET_NAME = CourseProject;
			};
			name = Debug;
		};
		3D62EEC72BB70720005EC218 /* Release */ = {
			isa = XCBuildConfiguration;
			buildSettings = {
				ALWAYS_EMBED_SWIFT_STANDARD_LIBRARIES = YES;
				CODE_SIGN_STYLE = Automatic;
				CURRENT_PROJECT_VERSION = 1;
				GENERATE_INFOPLIST_FILE = YES;
				MARKETING_VERSION = 1.0;
				PRODUCT_BUNDLE_IDENTIFIER = Karsten.CourseProjectUITests;
				PRODUCT_NAME = "$(TARGET_NAME)";
				SWIFT_EMIT_LOC_STRINGS = NO;
				SWIFT_VERSION = 5.0;
				TARGETED_DEVICE_FAMILY = "1,2";
				TEST_TARGET_NAME = CourseProject;
			};
			name = Release;
		};
/* End XCBuildConfiguration section */

/* Begin XCConfigurationList section */
		3D62EE962BB7071E005EC218 /* Build configuration list for PBXProject "CourseProject" */ = {
			isa = XCConfigurationList;
			buildConfigurations = (
				3D62EEBD2BB70720005EC218 /* Debug */,
				3D62EEBE2BB70720005EC218 /* Release */,
			);
			defaultConfigurationIsVisible = 0;
			defaultConfigurationName = Release;
		};
		3D62EEBF2BB70720005EC218 /* Build configuration list for PBXNativeTarget "CourseProject" */ = {
			isa = XCConfigurationList;
			buildConfigurations = (
				3D62EEC02BB70720005EC218 /* Debug */,
				3D62EEC12BB70720005EC218 /* Release */,
			);
			defaultConfigurationIsVisible = 0;
			defaultConfigurationName = Release;
		};
		3D62EEC22BB70720005EC218 /* Build configuration list for PBXNativeTarget "CourseProjectTests" */ = {
			isa = XCConfigurationList;
			buildConfigurations = (
				3D62EEC32BB70720005EC218 /* Debug */,
				3D62EEC42BB70720005EC218 /* Release */,
			);
			defaultConfigurationIsVisible = 0;
			defaultConfigurationName = Release;
		};
		3D62EEC52BB70720005EC218 /* Build configuration list for PBXNativeTarget "CourseProjectUITests" */ = {
			isa = XCConfigurationList;
			buildConfigurations = (
				3D62EEC62BB70720005EC218 /* Debug */,
				3D62EEC72BB70720005EC218 /* Release */,
			);
			defaultConfigurationIsVisible = 0;
			defaultConfigurationName = Release;
		};
/* End XCConfigurationList section */
	};
	rootObject = 3D62EE932BB7071E005EC218 /* Project object */;
}
